// !$*UTF8*$!
{
	archiveVersion = 1;
	classes = {
	};
	objectVersion = 56;
	objects = {

/* Begin PBXBuildFile section */
		2510685F2A2EEC320037029C /* HTTPClient.swift in Sources */ = {isa = PBXBuildFile; fileRef = 2510685E2A2EEC320037029C /* HTTPClient.swift */; };
		251068612A2EEC990037029C /* ProductItemsMapper.swift in Sources */ = {isa = PBXBuildFile; fileRef = 251068602A2EEC990037029C /* ProductItemsMapper.swift */; };
		25600C012A2924CB00FF87A2 /* AppDelegate.swift in Sources */ = {isa = PBXBuildFile; fileRef = 25600C002A2924CB00FF87A2 /* AppDelegate.swift */; };
		25600C032A2924CB00FF87A2 /* SceneDelegate.swift in Sources */ = {isa = PBXBuildFile; fileRef = 25600C022A2924CB00FF87A2 /* SceneDelegate.swift */; };
		25600C052A2924CB00FF87A2 /* ProductsListViewController.swift in Sources */ = {isa = PBXBuildFile; fileRef = 25600C042A2924CB00FF87A2 /* ProductsListViewController.swift */; };
		25600C082A2924CB00FF87A2 /* Main.storyboard in Resources */ = {isa = PBXBuildFile; fileRef = 25600C062A2924CB00FF87A2 /* Main.storyboard */; };
		25600C0A2A2924CC00FF87A2 /* Assets.xcassets in Resources */ = {isa = PBXBuildFile; fileRef = 25600C092A2924CC00FF87A2 /* Assets.xcassets */; };
		25600C0D2A2924CC00FF87A2 /* LaunchScreen.storyboard in Resources */ = {isa = PBXBuildFile; fileRef = 25600C0B2A2924CC00FF87A2 /* LaunchScreen.storyboard */; };
		25600C322A29255B00FF87A2 /* ProductItem.swift in Sources */ = {isa = PBXBuildFile; fileRef = 25600C312A29255B00FF87A2 /* ProductItem.swift */; };
		25600C342A29268100FF87A2 /* ProductsLoader.swift in Sources */ = {isa = PBXBuildFile; fileRef = 25600C332A29268100FF87A2 /* ProductsLoader.swift */; };
		25600C362A2927F100FF87A2 /* RemoteProductsLoaderTests.swift in Sources */ = {isa = PBXBuildFile; fileRef = 25600C352A2927F100FF87A2 /* RemoteProductsLoaderTests.swift */; };
		25600C392A29341600FF87A2 /* RemoteProductsLoader.swift in Sources */ = {isa = PBXBuildFile; fileRef = 25600C382A29341600FF87A2 /* RemoteProductsLoader.swift */; };
		25AC05EE2A2EFDBC00A5F946 /* URLSessionHTTPClientTests.swift in Sources */ = {isa = PBXBuildFile; fileRef = 25AC05ED2A2EFDBC00A5F946 /* URLSessionHTTPClientTests.swift */; };
		25AC8C982A303AB000056F55 /* URLSessionHTTPClient.swift in Sources */ = {isa = PBXBuildFile; fileRef = 25AC8C972A303AB000056F55 /* URLSessionHTTPClient.swift */; };
		25EC600D2A30D57800E3E1F6 /* ProductCell.swift in Sources */ = {isa = PBXBuildFile; fileRef = 25EC600C2A30D57800E3E1F6 /* ProductCell.swift */; };
		25EC60112A30D68A00E3E1F6 /* ProductCellView.xib in Resources */ = {isa = PBXBuildFile; fileRef = 25EC60102A30D68A00E3E1F6 /* ProductCellView.xib */; };
/* End PBXBuildFile section */

/* Begin PBXContainerItemProxy section */
		25600C142A2924CC00FF87A2 /* PBXContainerItemProxy */ = {
			isa = PBXContainerItemProxy;
			containerPortal = 25600BF52A2924CB00FF87A2 /* Project object */;
			proxyType = 1;
			remoteGlobalIDString = 25600BFC2A2924CB00FF87A2;
			remoteInfo = OnSaleList;
		};
/* End PBXContainerItemProxy section */

/* Begin PBXFileReference section */
		2510685E2A2EEC320037029C /* HTTPClient.swift */ = {isa = PBXFileReference; lastKnownFileType = sourcecode.swift; path = HTTPClient.swift; sourceTree = "<group>"; };
		251068602A2EEC990037029C /* ProductItemsMapper.swift */ = {isa = PBXFileReference; lastKnownFileType = sourcecode.swift; path = ProductItemsMapper.swift; sourceTree = "<group>"; };
		25600BFD2A2924CB00FF87A2 /* OnSaleList.app */ = {isa = PBXFileReference; explicitFileType = wrapper.application; includeInIndex = 0; path = OnSaleList.app; sourceTree = BUILT_PRODUCTS_DIR; };
		25600C002A2924CB00FF87A2 /* AppDelegate.swift */ = {isa = PBXFileReference; lastKnownFileType = sourcecode.swift; path = AppDelegate.swift; sourceTree = "<group>"; };
		25600C022A2924CB00FF87A2 /* SceneDelegate.swift */ = {isa = PBXFileReference; lastKnownFileType = sourcecode.swift; path = SceneDelegate.swift; sourceTree = "<group>"; };
		25600C042A2924CB00FF87A2 /* ProductsListViewController.swift */ = {isa = PBXFileReference; lastKnownFileType = sourcecode.swift; path = ProductsListViewController.swift; sourceTree = "<group>"; };
		25600C072A2924CB00FF87A2 /* Base */ = {isa = PBXFileReference; lastKnownFileType = file.storyboard; name = Base; path = Base.lproj/Main.storyboard; sourceTree = "<group>"; };
		25600C092A2924CC00FF87A2 /* Assets.xcassets */ = {isa = PBXFileReference; lastKnownFileType = folder.assetcatalog; path = Assets.xcassets; sourceTree = "<group>"; };
		25600C0C2A2924CC00FF87A2 /* Base */ = {isa = PBXFileReference; lastKnownFileType = file.storyboard; name = Base; path = Base.lproj/LaunchScreen.storyboard; sourceTree = "<group>"; };
		25600C0E2A2924CC00FF87A2 /* Info.plist */ = {isa = PBXFileReference; lastKnownFileType = text.plist.xml; path = Info.plist; sourceTree = "<group>"; };
		25600C132A2924CC00FF87A2 /* OnSaleListTests.xctest */ = {isa = PBXFileReference; explicitFileType = wrapper.cfbundle; includeInIndex = 0; path = OnSaleListTests.xctest; sourceTree = BUILT_PRODUCTS_DIR; };
		25600C312A29255B00FF87A2 /* ProductItem.swift */ = {isa = PBXFileReference; lastKnownFileType = sourcecode.swift; path = ProductItem.swift; sourceTree = "<group>"; };
		25600C332A29268100FF87A2 /* ProductsLoader.swift */ = {isa = PBXFileReference; lastKnownFileType = sourcecode.swift; path = ProductsLoader.swift; sourceTree = "<group>"; };
		25600C352A2927F100FF87A2 /* RemoteProductsLoaderTests.swift */ = {isa = PBXFileReference; lastKnownFileType = sourcecode.swift; path = RemoteProductsLoaderTests.swift; sourceTree = "<group>"; };
		25600C382A29341600FF87A2 /* RemoteProductsLoader.swift */ = {isa = PBXFileReference; lastKnownFileType = sourcecode.swift; path = RemoteProductsLoader.swift; sourceTree = "<group>"; };
		25AC05ED2A2EFDBC00A5F946 /* URLSessionHTTPClientTests.swift */ = {isa = PBXFileReference; lastKnownFileType = sourcecode.swift; path = URLSessionHTTPClientTests.swift; sourceTree = "<group>"; };
		25AC8C972A303AB000056F55 /* URLSessionHTTPClient.swift */ = {isa = PBXFileReference; lastKnownFileType = sourcecode.swift; path = URLSessionHTTPClient.swift; sourceTree = "<group>"; };
		25EC600C2A30D57800E3E1F6 /* ProductCell.swift */ = {isa = PBXFileReference; lastKnownFileType = sourcecode.swift; path = ProductCell.swift; sourceTree = "<group>"; };
		25EC60102A30D68A00E3E1F6 /* ProductCellView.xib */ = {isa = PBXFileReference; lastKnownFileType = file.xib; path = ProductCellView.xib; sourceTree = "<group>"; };
/* End PBXFileReference section */

/* Begin PBXFrameworksBuildPhase section */
		25600BFA2A2924CB00FF87A2 /* Frameworks */ = {
			isa = PBXFrameworksBuildPhase;
			buildActionMask = 2147483647;
			files = (
			);
			runOnlyForDeploymentPostprocessing = 0;
		};
		25600C102A2924CC00FF87A2 /* Frameworks */ = {
			isa = PBXFrameworksBuildPhase;
			buildActionMask = 2147483647;
			files = (
			);
			runOnlyForDeploymentPostprocessing = 0;
		};
/* End PBXFrameworksBuildPhase section */

/* Begin PBXGroup section */
		25600BF42A2924CB00FF87A2 = {
			isa = PBXGroup;
			children = (
				25600BFF2A2924CB00FF87A2 /* OnSaleList */,
				25600C162A2924CC00FF87A2 /* OnSaleListTests */,
				25600BFE2A2924CB00FF87A2 /* Products */,
			);
			sourceTree = "<group>";
		};
		25600BFE2A2924CB00FF87A2 /* Products */ = {
			isa = PBXGroup;
			children = (
				25600BFD2A2924CB00FF87A2 /* OnSaleList.app */,
				25600C132A2924CC00FF87A2 /* OnSaleListTests.xctest */,
			);
			name = Products;
			sourceTree = "<group>";
		};
		25600BFF2A2924CB00FF87A2 /* OnSaleList */ = {
			isa = PBXGroup;
			children = (
				25EC600B2A30D3AF00E3E1F6 /* ui */,
				25600C372A29340800FF87A2 /* api */,
				25600C302A29251C00FF87A2 /* model */,
				25600C002A2924CB00FF87A2 /* AppDelegate.swift */,
				25600C022A2924CB00FF87A2 /* SceneDelegate.swift */,
				25600C092A2924CC00FF87A2 /* Assets.xcassets */,
				25600C0E2A2924CC00FF87A2 /* Info.plist */,
			);
			path = OnSaleList;
			sourceTree = "<group>";
		};
		25600C162A2924CC00FF87A2 /* OnSaleListTests */ = {
			isa = PBXGroup;
			children = (
				25AC05EC2A2EF65F00A5F946 /* api */,
			);
			path = OnSaleListTests;
			sourceTree = "<group>";
		};
		25600C302A29251C00FF87A2 /* model */ = {
			isa = PBXGroup;
			children = (
				25600C312A29255B00FF87A2 /* ProductItem.swift */,
				25600C332A29268100FF87A2 /* ProductsLoader.swift */,
			);
			path = model;
			sourceTree = "<group>";
		};
		25600C372A29340800FF87A2 /* api */ = {
			isa = PBXGroup;
			children = (
				25600C382A29341600FF87A2 /* RemoteProductsLoader.swift */,
				251068602A2EEC990037029C /* ProductItemsMapper.swift */,
				2510685E2A2EEC320037029C /* HTTPClient.swift */,
				25AC8C972A303AB000056F55 /* URLSessionHTTPClient.swift */,
			);
			path = api;
			sourceTree = "<group>";
		};
		25AC05EC2A2EF65F00A5F946 /* api */ = {
			isa = PBXGroup;
			children = (
				25600C352A2927F100FF87A2 /* RemoteProductsLoaderTests.swift */,
				25AC05ED2A2EFDBC00A5F946 /* URLSessionHTTPClientTests.swift */,
			);
			path = api;
			sourceTree = "<group>";
		};
		25EC600B2A30D3AF00E3E1F6 /* ui */ = {
			isa = PBXGroup;
			children = (
				25600C0B2A2924CC00FF87A2 /* LaunchScreen.storyboard */,
				25600C062A2924CB00FF87A2 /* Main.storyboard */,
				25600C042A2924CB00FF87A2 /* ProductsListViewController.swift */,
				25EC600C2A30D57800E3E1F6 /* ProductCell.swift */,
				25EC60102A30D68A00E3E1F6 /* ProductCellView.xib */,
			);
			path = ui;
			sourceTree = "<group>";
		};
/* End PBXGroup section */

/* Begin PBXNativeTarget section */
		25600BFC2A2924CB00FF87A2 /* OnSaleList */ = {
			isa = PBXNativeTarget;
			buildConfigurationList = 25600C272A2924CC00FF87A2 /* Build configuration list for PBXNativeTarget "OnSaleList" */;
			buildPhases = (
				25600BF92A2924CB00FF87A2 /* Sources */,
				25600BFA2A2924CB00FF87A2 /* Frameworks */,
				25600BFB2A2924CB00FF87A2 /* Resources */,
			);
			buildRules = (
			);
			dependencies = (
			);
			name = OnSaleList;
			productName = OnSaleList;
			productReference = 25600BFD2A2924CB00FF87A2 /* OnSaleList.app */;
			productType = "com.apple.product-type.application";
		};
		25600C122A2924CC00FF87A2 /* OnSaleListTests */ = {
			isa = PBXNativeTarget;
			buildConfigurationList = 25600C2A2A2924CC00FF87A2 /* Build configuration list for PBXNativeTarget "OnSaleListTests" */;
			buildPhases = (
				25600C0F2A2924CC00FF87A2 /* Sources */,
				25600C102A2924CC00FF87A2 /* Frameworks */,
				25600C112A2924CC00FF87A2 /* Resources */,
			);
			buildRules = (
			);
			dependencies = (
				25600C152A2924CC00FF87A2 /* PBXTargetDependency */,
			);
			name = OnSaleListTests;
			productName = OnSaleListTests;
			productReference = 25600C132A2924CC00FF87A2 /* OnSaleListTests.xctest */;
			productType = "com.apple.product-type.bundle.unit-test";
		};
/* End PBXNativeTarget section */

/* Begin PBXProject section */
		25600BF52A2924CB00FF87A2 /* Project object */ = {
			isa = PBXProject;
			attributes = {
				BuildIndependentTargetsInParallel = 1;
				LastSwiftUpdateCheck = 1430;
				LastUpgradeCheck = 1430;
				TargetAttributes = {
					25600BFC2A2924CB00FF87A2 = {
						CreatedOnToolsVersion = 14.3;
					};
					25600C122A2924CC00FF87A2 = {
						CreatedOnToolsVersion = 14.3;
						LastSwiftMigration = 1430;
						TestTargetID = 25600BFC2A2924CB00FF87A2;
					};
				};
			};
			buildConfigurationList = 25600BF82A2924CB00FF87A2 /* Build configuration list for PBXProject "OnSaleList" */;
			compatibilityVersion = "Xcode 14.0";
			developmentRegion = en;
			hasScannedForEncodings = 0;
			knownRegions = (
				en,
				Base,
			);
			mainGroup = 25600BF42A2924CB00FF87A2;
			productRefGroup = 25600BFE2A2924CB00FF87A2 /* Products */;
			projectDirPath = "";
			projectRoot = "";
			targets = (
				25600BFC2A2924CB00FF87A2 /* OnSaleList */,
				25600C122A2924CC00FF87A2 /* OnSaleListTests */,
			);
		};
/* End PBXProject section */

/* Begin PBXResourcesBuildPhase section */
		25600BFB2A2924CB00FF87A2 /* Resources */ = {
			isa = PBXResourcesBuildPhase;
			buildActionMask = 2147483647;
			files = (
				25EC60112A30D68A00E3E1F6 /* ProductCellView.xib in Resources */,
				25600C0D2A2924CC00FF87A2 /* LaunchScreen.storyboard in Resources */,
				25600C0A2A2924CC00FF87A2 /* Assets.xcassets in Resources */,
				25600C082A2924CB00FF87A2 /* Main.storyboard in Resources */,
			);
			runOnlyForDeploymentPostprocessing = 0;
		};
		25600C112A2924CC00FF87A2 /* Resources */ = {
			isa = PBXResourcesBuildPhase;
			buildActionMask = 2147483647;
			files = (
			);
			runOnlyForDeploymentPostprocessing = 0;
		};
/* End PBXResourcesBuildPhase section */

/* Begin PBXSourcesBuildPhase section */
		25600BF92A2924CB00FF87A2 /* Sources */ = {
			isa = PBXSourcesBuildPhase;
			buildActionMask = 2147483647;
			files = (
				25600C342A29268100FF87A2 /* ProductsLoader.swift in Sources */,
				25600C322A29255B00FF87A2 /* ProductItem.swift in Sources */,
				25600C052A2924CB00FF87A2 /* ProductsListViewController.swift in Sources */,
				251068612A2EEC990037029C /* ProductItemsMapper.swift in Sources */,
				2510685F2A2EEC320037029C /* HTTPClient.swift in Sources */,
				25600C012A2924CB00FF87A2 /* AppDelegate.swift in Sources */,
				25600C392A29341600FF87A2 /* RemoteProductsLoader.swift in Sources */,
				25EC600D2A30D57800E3E1F6 /* ProductCell.swift in Sources */,
				25600C032A2924CB00FF87A2 /* SceneDelegate.swift in Sources */,
				25AC8C982A303AB000056F55 /* URLSessionHTTPClient.swift in Sources */,
			);
			runOnlyForDeploymentPostprocessing = 0;
		};
		25600C0F2A2924CC00FF87A2 /* Sources */ = {
			isa = PBXSourcesBuildPhase;
			buildActionMask = 2147483647;
			files = (
				25600C362A2927F100FF87A2 /* RemoteProductsLoaderTests.swift in Sources */,
				25AC05EE2A2EFDBC00A5F946 /* URLSessionHTTPClientTests.swift in Sources */,
			);
			runOnlyForDeploymentPostprocessing = 0;
		};
/* End PBXSourcesBuildPhase section */

/* Begin PBXTargetDependency section */
		25600C152A2924CC00FF87A2 /* PBXTargetDependency */ = {
			isa = PBXTargetDependency;
			target = 25600BFC2A2924CB00FF87A2 /* OnSaleList */;
			targetProxy = 25600C142A2924CC00FF87A2 /* PBXContainerItemProxy */;
		};
/* End PBXTargetDependency section */

/* Begin PBXVariantGroup section */
		25600C062A2924CB00FF87A2 /* Main.storyboard */ = {
			isa = PBXVariantGroup;
			children = (
				25600C072A2924CB00FF87A2 /* Base */,
			);
			name = Main.storyboard;
			sourceTree = "<group>";
		};
		25600C0B2A2924CC00FF87A2 /* LaunchScreen.storyboard */ = {
			isa = PBXVariantGroup;
			children = (
				25600C0C2A2924CC00FF87A2 /* Base */,
			);
			name = LaunchScreen.storyboard;
			sourceTree = "<group>";
		};
/* End PBXVariantGroup section */

/* Begin XCBuildConfiguration section */
		25600C252A2924CC00FF87A2 /* Debug */ = {
			isa = XCBuildConfiguration;
			buildSettings = {
				ALWAYS_SEARCH_USER_PATHS = NO;
				CLANG_ANALYZER_NONNULL = YES;
				CLANG_ANALYZER_NUMBER_OBJECT_CONVERSION = YES_AGGRESSIVE;
				CLANG_CXX_LANGUAGE_STANDARD = "gnu++20";
				CLANG_ENABLE_MODULES = YES;
				CLANG_ENABLE_OBJC_ARC = YES;
				CLANG_ENABLE_OBJC_WEAK = YES;
				CLANG_WARN_BLOCK_CAPTURE_AUTORELEASING = YES;
				CLANG_WARN_BOOL_CONVERSION = YES;
				CLANG_WARN_COMMA = YES;
				CLANG_WARN_CONSTANT_CONVERSION = YES;
				CLANG_WARN_DEPRECATED_OBJC_IMPLEMENTATIONS = YES;
				CLANG_WARN_DIRECT_OBJC_ISA_USAGE = YES_ERROR;
				CLANG_WARN_DOCUMENTATION_COMMENTS = YES;
				CLANG_WARN_EMPTY_BODY = YES;
				CLANG_WARN_ENUM_CONVERSION = YES;
				CLANG_WARN_INFINITE_RECURSION = YES;
				CLANG_WARN_INT_CONVERSION = YES;
				CLANG_WARN_NON_LITERAL_NULL_CONVERSION = YES;
				CLANG_WARN_OBJC_IMPLICIT_RETAIN_SELF = YES;
				CLANG_WARN_OBJC_LITERAL_CONVERSION = YES;
				CLANG_WARN_OBJC_ROOT_CLASS = YES_ERROR;
				CLANG_WARN_QUOTED_INCLUDE_IN_FRAMEWORK_HEADER = YES;
				CLANG_WARN_RANGE_LOOP_ANALYSIS = YES;
				CLANG_WARN_STRICT_PROTOTYPES = YES;
				CLANG_WARN_SUSPICIOUS_MOVE = YES;
				CLANG_WARN_UNGUARDED_AVAILABILITY = YES_AGGRESSIVE;
				CLANG_WARN_UNREACHABLE_CODE = YES;
				CLANG_WARN__DUPLICATE_METHOD_MATCH = YES;
				COPY_PHASE_STRIP = NO;
				DEBUG_INFORMATION_FORMAT = dwarf;
				ENABLE_STRICT_OBJC_MSGSEND = YES;
				ENABLE_TESTABILITY = YES;
				GCC_C_LANGUAGE_STANDARD = gnu11;
				GCC_DYNAMIC_NO_PIC = NO;
				GCC_NO_COMMON_BLOCKS = YES;
				GCC_OPTIMIZATION_LEVEL = 0;
				GCC_PREPROCESSOR_DEFINITIONS = (
					"DEBUG=1",
					"$(inherited)",
				);
				GCC_WARN_64_TO_32_BIT_CONVERSION = YES;
				GCC_WARN_ABOUT_RETURN_TYPE = YES_ERROR;
				GCC_WARN_UNDECLARED_SELECTOR = YES;
				GCC_WARN_UNINITIALIZED_AUTOS = YES_AGGRESSIVE;
				GCC_WARN_UNUSED_FUNCTION = YES;
				GCC_WARN_UNUSED_VARIABLE = YES;
				IPHONEOS_DEPLOYMENT_TARGET = 16.4;
				MTL_ENABLE_DEBUG_INFO = INCLUDE_SOURCE;
				MTL_FAST_MATH = YES;
				ONLY_ACTIVE_ARCH = YES;
				SDKROOT = iphoneos;
				SWIFT_ACTIVE_COMPILATION_CONDITIONS = DEBUG;
				SWIFT_OPTIMIZATION_LEVEL = "-Onone";
			};
			name = Debug;
		};
		25600C262A2924CC00FF87A2 /* Release */ = {
			isa = XCBuildConfiguration;
			buildSettings = {
				ALWAYS_SEARCH_USER_PATHS = NO;
				CLANG_ANALYZER_NONNULL = YES;
				CLANG_ANALYZER_NUMBER_OBJECT_CONVERSION = YES_AGGRESSIVE;
				CLANG_CXX_LANGUAGE_STANDARD = "gnu++20";
				CLANG_ENABLE_MODULES = YES;
				CLANG_ENABLE_OBJC_ARC = YES;
				CLANG_ENABLE_OBJC_WEAK = YES;
				CLANG_WARN_BLOCK_CAPTURE_AUTORELEASING = YES;
				CLANG_WARN_BOOL_CONVERSION = YES;
				CLANG_WARN_COMMA = YES;
				CLANG_WARN_CONSTANT_CONVERSION = YES;
				CLANG_WARN_DEPRECATED_OBJC_IMPLEMENTATIONS = YES;
				CLANG_WARN_DIRECT_OBJC_ISA_USAGE = YES_ERROR;
				CLANG_WARN_DOCUMENTATION_COMMENTS = YES;
				CLANG_WARN_EMPTY_BODY = YES;
				CLANG_WARN_ENUM_CONVERSION = YES;
				CLANG_WARN_INFINITE_RECURSION = YES;
				CLANG_WARN_INT_CONVERSION = YES;
				CLANG_WARN_NON_LITERAL_NULL_CONVERSION = YES;
				CLANG_WARN_OBJC_IMPLICIT_RETAIN_SELF = YES;
				CLANG_WARN_OBJC_LITERAL_CONVERSION = YES;
				CLANG_WARN_OBJC_ROOT_CLASS = YES_ERROR;
				CLANG_WARN_QUOTED_INCLUDE_IN_FRAMEWORK_HEADER = YES;
				CLANG_WARN_RANGE_LOOP_ANALYSIS = YES;
				CLANG_WARN_STRICT_PROTOTYPES = YES;
				CLANG_WARN_SUSPICIOUS_MOVE = YES;
				CLANG_WARN_UNGUARDED_AVAILABILITY = YES_AGGRESSIVE;
				CLANG_WARN_UNREACHABLE_CODE = YES;
				CLANG_WARN__DUPLICATE_METHOD_MATCH = YES;
				COPY_PHASE_STRIP = NO;
				DEBUG_INFORMATION_FORMAT = "dwarf-with-dsym";
				ENABLE_NS_ASSERTIONS = NO;
				ENABLE_STRICT_OBJC_MSGSEND = YES;
				GCC_C_LANGUAGE_STANDARD = gnu11;
				GCC_NO_COMMON_BLOCKS = YES;
				GCC_WARN_64_TO_32_BIT_CONVERSION = YES;
				GCC_WARN_ABOUT_RETURN_TYPE = YES_ERROR;
				GCC_WARN_UNDECLARED_SELECTOR = YES;
				GCC_WARN_UNINITIALIZED_AUTOS = YES_AGGRESSIVE;
				GCC_WARN_UNUSED_FUNCTION = YES;
				GCC_WARN_UNUSED_VARIABLE = YES;
				IPHONEOS_DEPLOYMENT_TARGET = 16.4;
				MTL_ENABLE_DEBUG_INFO = NO;
				MTL_FAST_MATH = YES;
				SDKROOT = iphoneos;
				SWIFT_COMPILATION_MODE = wholemodule;
				SWIFT_OPTIMIZATION_LEVEL = "-O";
				VALIDATE_PRODUCT = YES;
			};
			name = Release;
		};
		25600C282A2924CC00FF87A2 /* Debug */ = {
			isa = XCBuildConfiguration;
			buildSettings = {
				ASSETCATALOG_COMPILER_APPICON_NAME = AppIcon;
				ASSETCATALOG_COMPILER_GLOBAL_ACCENT_COLOR_NAME = AccentColor;
				CODE_SIGN_STYLE = Automatic;
				CURRENT_PROJECT_VERSION = 1;
				DEVELOPMENT_TEAM = KY7CH334J5;
				GENERATE_INFOPLIST_FILE = YES;
				INFOPLIST_FILE = OnSaleList/Info.plist;
				INFOPLIST_KEY_UIApplicationSupportsIndirectInputEvents = YES;
				INFOPLIST_KEY_UILaunchStoryboardName = LaunchScreen;
				INFOPLIST_KEY_UIMainStoryboardFile = Main;
				INFOPLIST_KEY_UISupportedInterfaceOrientations = UIInterfaceOrientationPortrait;
				INFOPLIST_KEY_UISupportedInterfaceOrientations_iPad = "UIInterfaceOrientationLandscapeLeft UIInterfaceOrientationLandscapeRight UIInterfaceOrientationPortrait UIInterfaceOrientationPortraitUpsideDown";
				IPHONEOS_DEPLOYMENT_TARGET = 14.0;
				LD_RUNPATH_SEARCH_PATHS = (
					"$(inherited)",
					"@executable_path/Frameworks",
				);
				MARKETING_VERSION = 1.0;
				PRODUCT_BUNDLE_IDENTIFIER = com.madversi.ProductsOnSaleList;
				PRODUCT_NAME = "$(TARGET_NAME)";
				SUPPORTED_PLATFORMS = "iphoneos iphonesimulator";
				SUPPORTS_MACCATALYST = NO;
				SUPPORTS_MAC_DESIGNED_FOR_IPHONE_IPAD = NO;
				SWIFT_EMIT_LOC_STRINGS = YES;
				SWIFT_VERSION = 5.0;
				TARGETED_DEVICE_FAMILY = 1;
			};
			name = Debug;
		};
		25600C292A2924CC00FF87A2 /* Release */ = {
			isa = XCBuildConfiguration;
			buildSettings = {
				ASSETCATALOG_COMPILER_APPICON_NAME = AppIcon;
				ASSETCATALOG_COMPILER_GLOBAL_ACCENT_COLOR_NAME = AccentColor;
				CODE_SIGN_STYLE = Automatic;
				CURRENT_PROJECT_VERSION = 1;
				DEVELOPMENT_TEAM = KY7CH334J5;
				GENERATE_INFOPLIST_FILE = YES;
				INFOPLIST_FILE = OnSaleList/Info.plist;
				INFOPLIST_KEY_UIApplicationSupportsIndirectInputEvents = YES;
				INFOPLIST_KEY_UILaunchStoryboardName = LaunchScreen;
				INFOPLIST_KEY_UIMainStoryboardFile = Main;
				INFOPLIST_KEY_UISupportedInterfaceOrientations = UIInterfaceOrientationPortrait;
				INFOPLIST_KEY_UISupportedInterfaceOrientations_iPad = "UIInterfaceOrientationLandscapeLeft UIInterfaceOrientationLandscapeRight UIInterfaceOrientationPortrait UIInterfaceOrientationPortraitUpsideDown";
				IPHONEOS_DEPLOYMENT_TARGET = 14.0;
				LD_RUNPATH_SEARCH_PATHS = (
					"$(inherited)",
					"@executable_path/Frameworks",
				);
				MARKETING_VERSION = 1.0;
				PRODUCT_BUNDLE_IDENTIFIER = com.madversi.ProductsOnSaleList;
				PRODUCT_NAME = "$(TARGET_NAME)";
				SUPPORTED_PLATFORMS = "iphoneos iphonesimulator";
				SUPPORTS_MACCATALYST = NO;
				SUPPORTS_MAC_DESIGNED_FOR_IPHONE_IPAD = NO;
				SWIFT_EMIT_LOC_STRINGS = YES;
				SWIFT_VERSION = 5.0;
				TARGETED_DEVICE_FAMILY = 1;
			};
			name = Release;
		};
		25600C2B2A2924CC00FF87A2 /* Debug */ = {
			isa = XCBuildConfiguration;
			buildSettings = {
				ALWAYS_EMBED_SWIFT_STANDARD_LIBRARIES = YES;
				BUNDLE_LOADER = "$(TEST_HOST)";
				CLANG_ENABLE_MODULES = YES;
				CODE_SIGN_STYLE = Automatic;
				CURRENT_PROJECT_VERSION = 1;
				DEVELOPMENT_TEAM = KY7CH334J5;
				GENERATE_INFOPLIST_FILE = YES;
				IPHONEOS_DEPLOYMENT_TARGET = 16.4;
				MARKETING_VERSION = 1.0;
				PRODUCT_BUNDLE_IDENTIFIER = com.madversi.OnSaleListTests;
				PRODUCT_NAME = "$(TARGET_NAME)";
				SWIFT_EMIT_LOC_STRINGS = NO;
				SWIFT_OPTIMIZATION_LEVEL = "-Onone";
				SWIFT_VERSION = 5.0;
				TARGETED_DEVICE_FAMILY = "1,2";
				TEST_HOST = "$(BUILT_PRODUCTS_DIR)/OnSaleList.app/$(BUNDLE_EXECUTABLE_FOLDER_PATH)/OnSaleList";
			};
			name = Debug;
		};
		25600C2C2A2924CC00FF87A2 /* Release */ = {
			isa = XCBuildConfiguration;
			buildSettings = {
				ALWAYS_EMBED_SWIFT_STANDARD_LIBRARIES = YES;
				BUNDLE_LOADER = "$(TEST_HOST)";
				CLANG_ENABLE_MODULES = YES;
				CODE_SIGN_STYLE = Automatic;
				CURRENT_PROJECT_VERSION = 1;
				DEVELOPMENT_TEAM = KY7CH334J5;
				GENERATE_INFOPLIST_FILE = YES;
				IPHONEOS_DEPLOYMENT_TARGET = 16.4;
				MARKETING_VERSION = 1.0;
				PRODUCT_BUNDLE_IDENTIFIER = com.madversi.OnSaleListTests;
				PRODUCT_NAME = "$(TARGET_NAME)";
				SWIFT_EMIT_LOC_STRINGS = NO;
				SWIFT_VERSION = 5.0;
				TARGETED_DEVICE_FAMILY = "1,2";
				TEST_HOST = "$(BUILT_PRODUCTS_DIR)/OnSaleList.app/$(BUNDLE_EXECUTABLE_FOLDER_PATH)/OnSaleList";
			};
			name = Release;
		};
/* End XCBuildConfiguration section */

/* Begin XCConfigurationList section */
		25600BF82A2924CB00FF87A2 /* Build configuration list for PBXProject "OnSaleList" */ = {
			isa = XCConfigurationList;
			buildConfigurations = (
				25600C252A2924CC00FF87A2 /* Debug */,
				25600C262A2924CC00FF87A2 /* Release */,
			);
			defaultConfigurationIsVisible = 0;
			defaultConfigurationName = Release;
		};
		25600C272A2924CC00FF87A2 /* Build configuration list for PBXNativeTarget "OnSaleList" */ = {
			isa = XCConfigurationList;
			buildConfigurations = (
				25600C282A2924CC00FF87A2 /* Debug */,
				25600C292A2924CC00FF87A2 /* Release */,
			);
			defaultConfigurationIsVisible = 0;
			defaultConfigurationName = Release;
		};
		25600C2A2A2924CC00FF87A2 /* Build configuration list for PBXNativeTarget "OnSaleListTests" */ = {
			isa = XCConfigurationList;
			buildConfigurations = (
				25600C2B2A2924CC00FF87A2 /* Debug */,
				25600C2C2A2924CC00FF87A2 /* Release */,
			);
			defaultConfigurationIsVisible = 0;
			defaultConfigurationName = Release;
		};
/* End XCConfigurationList section */
	};
	rootObject = 25600BF52A2924CB00FF87A2 /* Project object */;
}
